// !$*UTF8*$!
{
	archiveVersion = 1;
	classes = {
	};
	objectVersion = 50;
	objects = {

/* Begin PBXBuildFile section */
		3944B172260D372A0065513D /* TWDApp.swift in Sources */ = {isa = PBXBuildFile; fileRef = 3944B171260D372A0065513D /* TWDApp.swift */; };
		3944B174260D372A0065513D /* ContentView.swift in Sources */ = {isa = PBXBuildFile; fileRef = 3944B173260D372A0065513D /* ContentView.swift */; };
		3944B176260D372F0065513D /* Assets.xcassets in Resources */ = {isa = PBXBuildFile; fileRef = 3944B175260D372F0065513D /* Assets.xcassets */; };
		3944B179260D372F0065513D /* Preview Assets.xcassets in Resources */ = {isa = PBXBuildFile; fileRef = 3944B178260D372F0065513D /* Preview Assets.xcassets */; };
		3944B184260D37300065513D /* TWDTests.swift in Sources */ = {isa = PBXBuildFile; fileRef = 3944B183260D37300065513D /* TWDTests.swift */; };
		3944B18F260D37300065513D /* TWDUITests.swift in Sources */ = {isa = PBXBuildFile; fileRef = 3944B18E260D37300065513D /* TWDUITests.swift */; };
		3944B1A0260D37670065513D /* FirstPage.swift in Sources */ = {isa = PBXBuildFile; fileRef = 3944B19F260D37670065513D /* FirstPage.swift */; };
		3944B1A5260D37E50065513D /* MainPage.swift in Sources */ = {isa = PBXBuildFile; fileRef = 3944B1A4260D37E50065513D /* MainPage.swift */; };
		3944B1AA2613A0420065513D /* Test.swift in Sources */ = {isa = PBXBuildFile; fileRef = 3944B1A92613A0420065513D /* Test.swift */; };
		39772A8F2618F4890015A154 /* Test2.swift in Sources */ = {isa = PBXBuildFile; fileRef = 39772A8E2618F4890015A154 /* Test2.swift */; };
		39772A952618F9340015A154 /* ViewPicker.swift in Sources */ = {isa = PBXBuildFile; fileRef = 39772A942618F9340015A154 /* ViewPicker.swift */; };
		39772A9D2618FA290015A154 /* OtherStruct.swift in Sources */ = {isa = PBXBuildFile; fileRef = 39772A9C2618FA290015A154 /* OtherStruct.swift */; };
		39772AA22619C7C10015A154 /* Test3.swift in Sources */ = {isa = PBXBuildFile; fileRef = 39772AA12619C7C10015A154 /* Test3.swift */; };
		39772AA72619CBB20015A154 /* ViewDatePicker.swift in Sources */ = {isa = PBXBuildFile; fileRef = 39772AA62619CBB20015A154 /* ViewDatePicker.swift */; };
/* End PBXBuildFile section */

/* Begin PBXContainerItemProxy section */
		3944B180260D37300065513D /* PBXContainerItemProxy */ = {
			isa = PBXContainerItemProxy;
			containerPortal = 3944B166260D372A0065513D /* Project object */;
			proxyType = 1;
			remoteGlobalIDString = 3944B16D260D372A0065513D;
			remoteInfo = TWD;
		};
		3944B18B260D37300065513D /* PBXContainerItemProxy */ = {
			isa = PBXContainerItemProxy;
			containerPortal = 3944B166260D372A0065513D /* Project object */;
			proxyType = 1;
			remoteGlobalIDString = 3944B16D260D372A0065513D;
			remoteInfo = TWD;
		};
/* End PBXContainerItemProxy section */

/* Begin PBXFileReference section */
		3944B16E260D372A0065513D /* TWD.app */ = {isa = PBXFileReference; explicitFileType = wrapper.application; includeInIndex = 0; path = TWD.app; sourceTree = BUILT_PRODUCTS_DIR; };
		3944B171260D372A0065513D /* TWDApp.swift */ = {isa = PBXFileReference; lastKnownFileType = sourcecode.swift; path = TWDApp.swift; sourceTree = "<group>"; };
		3944B173260D372A0065513D /* ContentView.swift */ = {isa = PBXFileReference; lastKnownFileType = sourcecode.swift; path = ContentView.swift; sourceTree = "<group>"; };
		3944B175260D372F0065513D /* Assets.xcassets */ = {isa = PBXFileReference; lastKnownFileType = folder.assetcatalog; path = Assets.xcassets; sourceTree = "<group>"; };
		3944B178260D372F0065513D /* Preview Assets.xcassets */ = {isa = PBXFileReference; lastKnownFileType = folder.assetcatalog; path = "Preview Assets.xcassets"; sourceTree = "<group>"; };
		3944B17A260D372F0065513D /* Info.plist */ = {isa = PBXFileReference; lastKnownFileType = text.plist.xml; path = Info.plist; sourceTree = "<group>"; };
		3944B17F260D37300065513D /* TWDTests.xctest */ = {isa = PBXFileReference; explicitFileType = wrapper.cfbundle; includeInIndex = 0; path = TWDTests.xctest; sourceTree = BUILT_PRODUCTS_DIR; };
		3944B183260D37300065513D /* TWDTests.swift */ = {isa = PBXFileReference; lastKnownFileType = sourcecode.swift; path = TWDTests.swift; sourceTree = "<group>"; };
		3944B185260D37300065513D /* Info.plist */ = {isa = PBXFileReference; lastKnownFileType = text.plist.xml; path = Info.plist; sourceTree = "<group>"; };
		3944B18A260D37300065513D /* TWDUITests.xctest */ = {isa = PBXFileReference; explicitFileType = wrapper.cfbundle; includeInIndex = 0; path = TWDUITests.xctest; sourceTree = BUILT_PRODUCTS_DIR; };
		3944B18E260D37300065513D /* TWDUITests.swift */ = {isa = PBXFileReference; lastKnownFileType = sourcecode.swift; path = TWDUITests.swift; sourceTree = "<group>"; };
		3944B190260D37300065513D /* Info.plist */ = {isa = PBXFileReference; lastKnownFileType = text.plist.xml; path = Info.plist; sourceTree = "<group>"; };
		3944B19F260D37670065513D /* FirstPage.swift */ = {isa = PBXFileReference; lastKnownFileType = sourcecode.swift; path = FirstPage.swift; sourceTree = "<group>"; };
		3944B1A4260D37E50065513D /* MainPage.swift */ = {isa = PBXFileReference; lastKnownFileType = sourcecode.swift; path = MainPage.swift; sourceTree = "<group>"; };
		3944B1A92613A0420065513D /* Test.swift */ = {isa = PBXFileReference; lastKnownFileType = sourcecode.swift; path = Test.swift; sourceTree = "<group>"; };
		39772A8E2618F4890015A154 /* Test2.swift */ = {isa = PBXFileReference; lastKnownFileType = sourcecode.swift; path = Test2.swift; sourceTree = "<group>"; };
		39772A942618F9340015A154 /* ViewPicker.swift */ = {isa = PBXFileReference; lastKnownFileType = sourcecode.swift; path = ViewPicker.swift; sourceTree = "<group>"; };
		39772A9C2618FA290015A154 /* OtherStruct.swift */ = {isa = PBXFileReference; lastKnownFileType = sourcecode.swift; path = OtherStruct.swift; sourceTree = "<group>"; };
		39772AA12619C7C10015A154 /* Test3.swift */ = {isa = PBXFileReference; lastKnownFileType = sourcecode.swift; path = Test3.swift; sourceTree = "<group>"; };
		39772AA62619CBB20015A154 /* ViewDatePicker.swift */ = {isa = PBXFileReference; lastKnownFileType = sourcecode.swift; path = ViewDatePicker.swift; sourceTree = "<group>"; };
/* End PBXFileReference section */

/* Begin PBXFrameworksBuildPhase section */
		3944B16B260D372A0065513D /* Frameworks */ = {
			isa = PBXFrameworksBuildPhase;
			buildActionMask = 2147483647;
			files = (
			);
			runOnlyForDeploymentPostprocessing = 0;
		};
		3944B17C260D37300065513D /* Frameworks */ = {
			isa = PBXFrameworksBuildPhase;
			buildActionMask = 2147483647;
			files = (
			);
			runOnlyForDeploymentPostprocessing = 0;
		};
		3944B187260D37300065513D /* Frameworks */ = {
			isa = PBXFrameworksBuildPhase;
			buildActionMask = 2147483647;
			files = (
			);
			runOnlyForDeploymentPostprocessing = 0;
		};
/* End PBXFrameworksBuildPhase section */

/* Begin PBXGroup section */
		3944B165260D372A0065513D = {
			isa = PBXGroup;
			children = (
				3944B170260D372A0065513D /* TWD */,
				39772A932618F9100015A154 /* ModelView */,
				3944B182260D37300065513D /* TWDTests */,
				3944B18D260D37300065513D /* TWDUITests */,
				3944B16F260D372A0065513D /* Products */,
			);
			sourceTree = "<group>";
		};
		3944B16F260D372A0065513D /* Products */ = {
			isa = PBXGroup;
			children = (
				3944B16E260D372A0065513D /* TWD.app */,
				3944B17F260D37300065513D /* TWDTests.xctest */,
				3944B18A260D37300065513D /* TWDUITests.xctest */,
			);
			name = Products;
			sourceTree = "<group>";
		};
		3944B170260D372A0065513D /* TWD */ = {
			isa = PBXGroup;
			children = (
				3944B171260D372A0065513D /* TWDApp.swift */,
				3944B173260D372A0065513D /* ContentView.swift */,
				3944B19F260D37670065513D /* FirstPage.swift */,
				3944B1A4260D37E50065513D /* MainPage.swift */,
				3944B1A92613A0420065513D /* Test.swift */,
				39772A8E2618F4890015A154 /* Test2.swift */,
				39772AA12619C7C10015A154 /* Test3.swift */,
				3944B175260D372F0065513D /* Assets.xcassets */,
				3944B17A260D372F0065513D /* Info.plist */,
				3944B177260D372F0065513D /* Preview Content */,
			);
			path = TWD;
			sourceTree = "<group>";
		};
		3944B177260D372F0065513D /* Preview Content */ = {
			isa = PBXGroup;
			children = (
				3944B178260D372F0065513D /* Preview Assets.xcassets */,
			);
			path = "Preview Content";
			sourceTree = "<group>";
		};
		3944B182260D37300065513D /* TWDTests */ = {
			isa = PBXGroup;
			children = (
				3944B183260D37300065513D /* TWDTests.swift */,
				3944B185260D37300065513D /* Info.plist */,
			);
			path = TWDTests;
			sourceTree = "<group>";
		};
		3944B18D260D37300065513D /* TWDUITests */ = {
			isa = PBXGroup;
			children = (
				3944B18E260D37300065513D /* TWDUITests.swift */,
				3944B190260D37300065513D /* Info.plist */,
			);
			path = TWDUITests;
			sourceTree = "<group>";
		};
		39772A932618F9100015A154 /* ModelView */ = {
			isa = PBXGroup;
			children = (
				39772A942618F9340015A154 /* ViewPicker.swift */,
				39772AA62619CBB20015A154 /* ViewDatePicker.swift */,
				39772A9C2618FA290015A154 /* OtherStruct.swift */,
			);
			path = ModelView;
			sourceTree = "<group>";
		};
/* End PBXGroup section */

/* Begin PBXNativeTarget section */
		3944B16D260D372A0065513D /* TWD */ = {
			isa = PBXNativeTarget;
			buildConfigurationList = 3944B193260D37300065513D /* Build configuration list for PBXNativeTarget "TWD" */;
			buildPhases = (
				3944B16A260D372A0065513D /* Sources */,
				3944B16B260D372A0065513D /* Frameworks */,
				3944B16C260D372A0065513D /* Resources */,
			);
			buildRules = (
			);
			dependencies = (
			);
			name = TWD;
			productName = TWD;
			productReference = 3944B16E260D372A0065513D /* TWD.app */;
			productType = "com.apple.product-type.application";
		};
		3944B17E260D37300065513D /* TWDTests */ = {
			isa = PBXNativeTarget;
			buildConfigurationList = 3944B196260D37300065513D /* Build configuration list for PBXNativeTarget "TWDTests" */;
			buildPhases = (
				3944B17B260D37300065513D /* Sources */,
				3944B17C260D37300065513D /* Frameworks */,
				3944B17D260D37300065513D /* Resources */,
			);
			buildRules = (
			);
			dependencies = (
				3944B181260D37300065513D /* PBXTargetDependency */,
			);
			name = TWDTests;
			productName = TWDTests;
			productReference = 3944B17F260D37300065513D /* TWDTests.xctest */;
			productType = "com.apple.product-type.bundle.unit-test";
		};
		3944B189260D37300065513D /* TWDUITests */ = {
			isa = PBXNativeTarget;
			buildConfigurationList = 3944B199260D37300065513D /* Build configuration list for PBXNativeTarget "TWDUITests" */;
			buildPhases = (
				3944B186260D37300065513D /* Sources */,
				3944B187260D37300065513D /* Frameworks */,
				3944B188260D37300065513D /* Resources */,
			);
			buildRules = (
			);
			dependencies = (
				3944B18C260D37300065513D /* PBXTargetDependency */,
			);
			name = TWDUITests;
			productName = TWDUITests;
			productReference = 3944B18A260D37300065513D /* TWDUITests.xctest */;
			productType = "com.apple.product-type.bundle.ui-testing";
		};
/* End PBXNativeTarget section */

/* Begin PBXProject section */
		3944B166260D372A0065513D /* Project object */ = {
			isa = PBXProject;
			attributes = {
				LastSwiftUpdateCheck = 1240;
				LastUpgradeCheck = 1240;
				TargetAttributes = {
					3944B16D260D372A0065513D = {
						CreatedOnToolsVersion = 12.4;
					};
					3944B17E260D37300065513D = {
						CreatedOnToolsVersion = 12.4;
						TestTargetID = 3944B16D260D372A0065513D;
					};
					3944B189260D37300065513D = {
						CreatedOnToolsVersion = 12.4;
						TestTargetID = 3944B16D260D372A0065513D;
					};
				};
			};
			buildConfigurationList = 3944B169260D372A0065513D /* Build configuration list for PBXProject "TWD" */;
			compatibilityVersion = "Xcode 9.3";
			developmentRegion = en;
			hasScannedForEncodings = 0;
			knownRegions = (
				en,
				Base,
			);
			mainGroup = 3944B165260D372A0065513D;
			productRefGroup = 3944B16F260D372A0065513D /* Products */;
			projectDirPath = "";
			projectRoot = "";
			targets = (
				3944B16D260D372A0065513D /* TWD */,
				3944B17E260D37300065513D /* TWDTests */,
				3944B189260D37300065513D /* TWDUITests */,
			);
		};
/* End PBXProject section */

/* Begin PBXResourcesBuildPhase section */
		3944B16C260D372A0065513D /* Resources */ = {
			isa = PBXResourcesBuildPhase;
			buildActionMask = 2147483647;
			files = (
				3944B179260D372F0065513D /* Preview Assets.xcassets in Resources */,
				3944B176260D372F0065513D /* Assets.xcassets in Resources */,
			);
			runOnlyForDeploymentPostprocessing = 0;
		};
		3944B17D260D37300065513D /* Resources */ = {
			isa = PBXResourcesBuildPhase;
			buildActionMask = 2147483647;
			files = (
			);
			runOnlyForDeploymentPostprocessing = 0;
		};
		3944B188260D37300065513D /* Resources */ = {
			isa = PBXResourcesBuildPhase;
			buildActionMask = 2147483647;
			files = (
			);
			runOnlyForDeploymentPostprocessing = 0;
		};
/* End PBXResourcesBuildPhase section */

/* Begin PBXSourcesBuildPhase section */
		3944B16A260D372A0065513D /* Sources */ = {
			isa = PBXSourcesBuildPhase;
			buildActionMask = 2147483647;
			files = (
				39772AA22619C7C10015A154 /* Test3.swift in Sources */,
				39772A952618F9340015A154 /* ViewPicker.swift in Sources */,
				39772AA72619CBB20015A154 /* ViewDatePicker.swift in Sources */,
				39772A8F2618F4890015A154 /* Test2.swift in Sources */,
				3944B174260D372A0065513D /* ContentView.swift in Sources */,
				39772A9D2618FA290015A154 /* OtherStruct.swift in Sources */,
				3944B172260D372A0065513D /* TWDApp.swift in Sources */,
				3944B1AA2613A0420065513D /* Test.swift in Sources */,
				3944B1A0260D37670065513D /* FirstPage.swift in Sources */,
				3944B1A5260D37E50065513D /* MainPage.swift in Sources */,
			);
			runOnlyForDeploymentPostprocessing = 0;
		};
		3944B17B260D37300065513D /* Sources */ = {
			isa = PBXSourcesBuildPhase;
			buildActionMask = 2147483647;
			files = (
				3944B184260D37300065513D /* TWDTests.swift in Sources */,
			);
			runOnlyForDeploymentPostprocessing = 0;
		};
		3944B186260D37300065513D /* Sources */ = {
			isa = PBXSourcesBuildPhase;
			buildActionMask = 2147483647;
			files = (
				3944B18F260D37300065513D /* TWDUITests.swift in Sources */,
			);
			runOnlyForDeploymentPostprocessing = 0;
		};
/* End PBXSourcesBuildPhase section */

/* Begin PBXTargetDependency section */
		3944B181260D37300065513D /* PBXTargetDependency */ = {
			isa = PBXTargetDependency;
			target = 3944B16D260D372A0065513D /* TWD */;
			targetProxy = 3944B180260D37300065513D /* PBXContainerItemProxy */;
		};
		3944B18C260D37300065513D /* PBXTargetDependency */ = {
			isa = PBXTargetDependency;
			target = 3944B16D260D372A0065513D /* TWD */;
			targetProxy = 3944B18B260D37300065513D /* PBXContainerItemProxy */;
		};
/* End PBXTargetDependency section */

/* Begin XCBuildConfiguration section */
		3944B191260D37300065513D /* Debug */ = {
			isa = XCBuildConfiguration;
			buildSettings = {
				ALWAYS_SEARCH_USER_PATHS = NO;
				CLANG_ANALYZER_NONNULL = YES;
				CLANG_ANALYZER_NUMBER_OBJECT_CONVERSION = YES_AGGRESSIVE;
				CLANG_CXX_LANGUAGE_STANDARD = "gnu++14";
				CLANG_CXX_LIBRARY = "libc++";
				CLANG_ENABLE_MODULES = YES;
				CLANG_ENABLE_OBJC_ARC = YES;
				CLANG_ENABLE_OBJC_WEAK = YES;
				CLANG_WARN_BLOCK_CAPTURE_AUTORELEASING = YES;
				CLANG_WARN_BOOL_CONVERSION = YES;
				CLANG_WARN_COMMA = YES;
				CLANG_WARN_CONSTANT_CONVERSION = YES;
				CLANG_WARN_DEPRECATED_OBJC_IMPLEMENTATIONS = YES;
				CLANG_WARN_DIRECT_OBJC_ISA_USAGE = YES_ERROR;
				CLANG_WARN_DOCUMENTATION_COMMENTS = YES;
				CLANG_WARN_EMPTY_BODY = YES;
				CLANG_WARN_ENUM_CONVERSION = YES;
				CLANG_WARN_INFINITE_RECURSION = YES;
				CLANG_WARN_INT_CONVERSION = YES;
				CLANG_WARN_NON_LITERAL_NULL_CONVERSION = YES;
				CLANG_WARN_OBJC_IMPLICIT_RETAIN_SELF = YES;
				CLANG_WARN_OBJC_LITERAL_CONVERSION = YES;
				CLANG_WARN_OBJC_ROOT_CLASS = YES_ERROR;
				CLANG_WARN_QUOTED_INCLUDE_IN_FRAMEWORK_HEADER = YES;
				CLANG_WARN_RANGE_LOOP_ANALYSIS = YES;
				CLANG_WARN_STRICT_PROTOTYPES = YES;
				CLANG_WARN_SUSPICIOUS_MOVE = YES;
				CLANG_WARN_UNGUARDED_AVAILABILITY = YES_AGGRESSIVE;
				CLANG_WARN_UNREACHABLE_CODE = YES;
				CLANG_WARN__DUPLICATE_METHOD_MATCH = YES;
				COPY_PHASE_STRIP = NO;
				DEBUG_INFORMATION_FORMAT = dwarf;
				ENABLE_STRICT_OBJC_MSGSEND = YES;
				ENABLE_TESTABILITY = YES;
				GCC_C_LANGUAGE_STANDARD = gnu11;
				GCC_DYNAMIC_NO_PIC = NO;
				GCC_NO_COMMON_BLOCKS = YES;
				GCC_OPTIMIZATION_LEVEL = 0;
				GCC_PREPROCESSOR_DEFINITIONS = (
					"DEBUG=1",
					"$(inherited)",
				);
				GCC_WARN_64_TO_32_BIT_CONVERSION = YES;
				GCC_WARN_ABOUT_RETURN_TYPE = YES_ERROR;
				GCC_WARN_UNDECLARED_SELECTOR = YES;
				GCC_WARN_UNINITIALIZED_AUTOS = YES_AGGRESSIVE;
				GCC_WARN_UNUSED_FUNCTION = YES;
				GCC_WARN_UNUSED_VARIABLE = YES;
				IPHONEOS_DEPLOYMENT_TARGET = 14.4;
				MTL_ENABLE_DEBUG_INFO = INCLUDE_SOURCE;
				MTL_FAST_MATH = YES;
				ONLY_ACTIVE_ARCH = YES;
				SDKROOT = iphoneos;
				SWIFT_ACTIVE_COMPILATION_CONDITIONS = DEBUG;
				SWIFT_OPTIMIZATION_LEVEL = "-Onone";
			};
			name = Debug;
		};
		3944B192260D37300065513D /* Release */ = {
			isa = XCBuildConfiguration;
			buildSettings = {
				ALWAYS_SEARCH_USER_PATHS = NO;
				CLANG_ANALYZER_NONNULL = YES;
				CLANG_ANALYZER_NUMBER_OBJECT_CONVERSION = YES_AGGRESSIVE;
				CLANG_CXX_LANGUAGE_STANDARD = "gnu++14";
				CLANG_CXX_LIBRARY = "libc++";
				CLANG_ENABLE_MODULES = YES;
				CLANG_ENABLE_OBJC_ARC = YES;
				CLANG_ENABLE_OBJC_WEAK = YES;
				CLANG_WARN_BLOCK_CAPTURE_AUTORELEASING = YES;
				CLANG_WARN_BOOL_CONVERSION = YES;
				CLANG_WARN_COMMA = YES;
				CLANG_WARN_CONSTANT_CONVERSION = YES;
				CLANG_WARN_DEPRECATED_OBJC_IMPLEMENTATIONS = YES;
				CLANG_WARN_DIRECT_OBJC_ISA_USAGE = YES_ERROR;
				CLANG_WARN_DOCUMENTATION_COMMENTS = YES;
				CLANG_WARN_EMPTY_BODY = YES;
				CLANG_WARN_ENUM_CONVERSION = YES;
				CLANG_WARN_INFINITE_RECURSION = YES;
				CLANG_WARN_INT_CONVERSION = YES;
				CLANG_WARN_NON_LITERAL_NULL_CONVERSION = YES;
				CLANG_WARN_OBJC_IMPLICIT_RETAIN_SELF = YES;
				CLANG_WARN_OBJC_LITERAL_CONVERSION = YES;
				CLANG_WARN_OBJC_ROOT_CLASS = YES_ERROR;
				CLANG_WARN_QUOTED_INCLUDE_IN_FRAMEWORK_HEADER = YES;
				CLANG_WARN_RANGE_LOOP_ANALYSIS = YES;
				CLANG_WARN_STRICT_PROTOTYPES = YES;
				CLANG_WARN_SUSPICIOUS_MOVE = YES;
				CLANG_WARN_UNGUARDED_AVAILABILITY = YES_AGGRESSIVE;
				CLANG_WARN_UNREACHABLE_CODE = YES;
				CLANG_WARN__DUPLICATE_METHOD_MATCH = YES;
				COPY_PHASE_STRIP = NO;
				DEBUG_INFORMATION_FORMAT = "dwarf-with-dsym";
				ENABLE_NS_ASSERTIONS = NO;
				ENABLE_STRICT_OBJC_MSGSEND = YES;
				GCC_C_LANGUAGE_STANDARD = gnu11;
				GCC_NO_COMMON_BLOCKS = YES;
				GCC_WARN_64_TO_32_BIT_CONVERSION = YES;
				GCC_WARN_ABOUT_RETURN_TYPE = YES_ERROR;
				GCC_WARN_UNDECLARED_SELECTOR = YES;
				GCC_WARN_UNINITIALIZED_AUTOS = YES_AGGRESSIVE;
				GCC_WARN_UNUSED_FUNCTION = YES;
				GCC_WARN_UNUSED_VARIABLE = YES;
				IPHONEOS_DEPLOYMENT_TARGET = 14.4;
				MTL_ENABLE_DEBUG_INFO = NO;
				MTL_FAST_MATH = YES;
				SDKROOT = iphoneos;
				SWIFT_COMPILATION_MODE = wholemodule;
				SWIFT_OPTIMIZATION_LEVEL = "-O";
				VALIDATE_PRODUCT = YES;
			};
			name = Release;
		};
		3944B194260D37300065513D /* Debug */ = {
			isa = XCBuildConfiguration;
			buildSettings = {
				ASSETCATALOG_COMPILER_APPICON_NAME = AppIcon;
				ASSETCATALOG_COMPILER_GLOBAL_ACCENT_COLOR_NAME = AccentColor;
				CODE_SIGN_STYLE = Automatic;
				DEVELOPMENT_ASSET_PATHS = "\"TWD/Preview Content\"";
				ENABLE_PREVIEWS = YES;
				INFOPLIST_FILE = TWD/Info.plist;
				IPHONEOS_DEPLOYMENT_TARGET = 14.0;
				LD_RUNPATH_SEARCH_PATHS = (
					"$(inherited)",
					"@executable_path/Frameworks",
				);
				PRODUCT_BUNDLE_IDENTIFIER = Halyna.TWD;
				PRODUCT_NAME = "$(TARGET_NAME)";
				SWIFT_VERSION = 5.0;
				TARGETED_DEVICE_FAMILY = "1,2";
			};
			name = Debug;
		};
		3944B195260D37300065513D /* Release */ = {
			isa = XCBuildConfiguration;
			buildSettings = {
				ASSETCATALOG_COMPILER_APPICON_NAME = AppIcon;
				ASSETCATALOG_COMPILER_GLOBAL_ACCENT_COLOR_NAME = AccentColor;
				CODE_SIGN_STYLE = Automatic;
				DEVELOPMENT_ASSET_PATHS = "\"TWD/Preview Content\"";
				ENABLE_PREVIEWS = YES;
				INFOPLIST_FILE = TWD/Info.plist;
				IPHONEOS_DEPLOYMENT_TARGET = 14.0;
				LD_RUNPATH_SEARCH_PATHS = (
					"$(inherited)",
					"@executable_path/Frameworks",
				);
				PRODUCT_BUNDLE_IDENTIFIER = Halyna.TWD;
				PRODUCT_NAME = "$(TARGET_NAME)";
				SWIFT_VERSION = 5.0;
				TARGETED_DEVICE_FAMILY = "1,2";
			};
			name = Release;
		};
		3944B197260D37300065513D /* Debug */ = {
			isa = XCBuildConfiguration;
			buildSettings = {
				ALWAYS_EMBED_SWIFT_STANDARD_LIBRARIES = YES;
				BUNDLE_LOADER = "$(TEST_HOST)";
				CODE_SIGN_STYLE = Automatic;
				INFOPLIST_FILE = TWDTests/Info.plist;
				IPHONEOS_DEPLOYMENT_TARGET = 14.0;
				LD_RUNPATH_SEARCH_PATHS = (
					"$(inherited)",
					"@executable_path/Frameworks",
					"@loader_path/Frameworks",
				);
				PRODUCT_BUNDLE_IDENTIFIER = Halyna.TWDTests;
				PRODUCT_NAME = "$(TARGET_NAME)";
				SWIFT_VERSION = 5.0;
				TARGETED_DEVICE_FAMILY = "1,2";
				TEST_HOST = "$(BUILT_PRODUCTS_DIR)/TWD.app/TWD";
			};
			name = Debug;
		};
		3944B198260D37300065513D /* Release */ = {
			isa = XCBuildConfiguration;
			buildSettings = {
				ALWAYS_EMBED_SWIFT_STANDARD_LIBRARIES = YES;
				BUNDLE_LOADER = "$(TEST_HOST)";
				CODE_SIGN_STYLE = Automatic;
				INFOPLIST_FILE = TWDTests/Info.plist;
				IPHONEOS_DEPLOYMENT_TARGET = 14.0;
				LD_RUNPATH_SEARCH_PATHS = (
					"$(inherited)",
					"@executable_path/Frameworks",
					"@loader_path/Frameworks",
				);
				PRODUCT_BUNDLE_IDENTIFIER = Halyna.TWDTests;
				PRODUCT_NAME = "$(TARGET_NAME)";
				SWIFT_VERSION = 5.0;
				TARGETED_DEVICE_FAMILY = "1,2";
				TEST_HOST = "$(BUILT_PRODUCTS_DIR)/TWD.app/TWD";
			};
			name = Release;
		};
		3944B19A260D37300065513D /* Debug */ = {
			isa = XCBuildConfiguration;
			buildSettings = {
				ALWAYS_EMBED_SWIFT_STANDARD_LIBRARIES = YES;
				CODE_SIGN_STYLE = Automatic;
				INFOPLIST_FILE = TWDUITests/Info.plist;
				LD_RUNPATH_SEARCH_PATHS = (
					"$(inherited)",
					"@executable_path/Frameworks",
					"@loader_path/Frameworks",
				);
				PRODUCT_BUNDLE_IDENTIFIER = Halyna.TWDUITests;
				PRODUCT_NAME = "$(TARGET_NAME)";
				SWIFT_VERSION = 5.0;
				TARGETED_DEVICE_FAMILY = "1,2";
				TEST_TARGET_NAME = TWD;
			};
			name = Debug;
		};
		3944B19B260D37300065513D /* Release */ = {
			isa = XCBuildConfiguration;
			buildSettings = {
				ALWAYS_EMBED_SWIFT_STANDARD_LIBRARIES = YES;
				CODE_SIGN_STYLE = Automatic;
				INFOPLIST_FILE = TWDUITests/Info.plist;
				LD_RUNPATH_SEARCH_PATHS = (
					"$(inherited)",
					"@executable_path/Frameworks",
					"@loader_path/Frameworks",
				);
				PRODUCT_BUNDLE_IDENTIFIER = Halyna.TWDUITests;
				PRODUCT_NAME = "$(TARGET_NAME)";
				SWIFT_VERSION = 5.0;
				TARGETED_DEVICE_FAMILY = "1,2";
				TEST_TARGET_NAME = TWD;
			};
			name = Release;
		};
/* End XCBuildConfiguration section */

/* Begin XCConfigurationList section */
		3944B169260D372A0065513D /* Build configuration list for PBXProject "TWD" */ = {
			isa = XCConfigurationList;
			buildConfigurations = (
				3944B191260D37300065513D /* Debug */,
				3944B192260D37300065513D /* Release */,
			);
			defaultConfigurationIsVisible = 0;
			defaultConfigurationName = Release;
		};
		3944B193260D37300065513D /* Build configuration list for PBXNativeTarget "TWD" */ = {
			isa = XCConfigurationList;
			buildConfigurations = (
				3944B194260D37300065513D /* Debug */,
				3944B195260D37300065513D /* Release */,
			);
			defaultConfigurationIsVisible = 0;
			defaultConfigurationName = Release;
		};
		3944B196260D37300065513D /* Build configuration list for PBXNativeTarget "TWDTests" */ = {
			isa = XCConfigurationList;
			buildConfigurations = (
				3944B197260D37300065513D /* Debug */,
				3944B198260D37300065513D /* Release */,
			);
			defaultConfigurationIsVisible = 0;
			defaultConfigurationName = Release;
		};
		3944B199260D37300065513D /* Build configuration list for PBXNativeTarget "TWDUITests" */ = {
			isa = XCConfigurationList;
			buildConfigurations = (
				3944B19A260D37300065513D /* Debug */,
				3944B19B260D37300065513D /* Release */,
			);
			defaultConfigurationIsVisible = 0;
			defaultConfigurationName = Release;
		};
/* End XCConfigurationList section */
	};
	rootObject = 3944B166260D372A0065513D /* Project object */;
}
